
Microsoft Visual Studio Solution File, Format Version 12.00
# Visual Studio 2013
VisualStudioVersion = 12.0.31101.0
MinimumVisualStudioVersion = 10.0.40219.1
Project("{FAE04EC0-301F-11D3-BF4B-00C04F79EFBC}") = "ERPOptima.Model", "ERPOptima.Model\ERPOptima.Model.csproj", "{CD66447C-203E-4527-8971-36D1176B19BA}"
EndProject
Project("{FAE04EC0-301F-11D3-BF4B-00C04F79EFBC}") = "ERPOptima.Data", "ERPOptima.Data\ERPOptima.Data.csproj", "{DD54644C-1C30-4E11-958F-874A04898817}"
EndProject
Project("{FAE04EC0-301F-11D3-BF4B-00C04F79EFBC}") = "ERPOptima.Service", "ERPOptima.Service\ERPOptima.Service.csproj", "{461AA60A-2614-49CF-A3A3-60EE7E8F9CD4}"
EndProject
Project("{FAE04EC0-301F-11D3-BF4B-00C04F79EFBC}") = "ERPOptima.Web", "ERPOptima\ERPOptima.Web.csproj", "{3B8DC056-D9EF-4821-8527-F3777CD888DB}"
EndProject
Project("{FAE04EC0-301F-11D3-BF4B-00C04F79EFBC}") = "ERPOptima.Lib", "ERPOptima.Lib\ERPOptima.Lib.csproj", "{44D853CD-0E35-45EE-BE19-AF4B6C5E9C12}"
EndProject
Project("{FAE04EC0-301F-11D3-BF4B-00C04F79EFBC}") = "ERPOptima.Test", "ERPOptima.Test\ERPOptima.Test.csproj", "{4D086756-391E-4579-9341-495D8B2ADDC4}"
EndProject
Global
	GlobalSection(TeamFoundationVersionControl) = preSolution
		SccNumberOfProjects = 7
		SccEnterpriseProvider = {4CA58AB2-18FA-4F8D-95D4-32DDF27D184C}
		SccTeamFoundationServer = http://180.148.210.212:9090/tfs/scslcollection
		SccLocalPath0 = .
		SccProjectUniqueName1 = ERPOptima.Lib\\ERPOptima.Lib.csproj
		SccProjectName1 = ERPOptima.Lib
		SccLocalPath1 = ERPOptima.Lib
		SccProjectUniqueName2 = ERPOptima.Model\\ERPOptima.Model.csproj
		SccProjectName2 = ERPOptima.Model
		SccLocalPath2 = ERPOptima.Model
		SccProjectUniqueName3 = ERPOptima.Data\\ERPOptima.Data.csproj
		SccProjectName3 = ERPOptima.Data
		SccLocalPath3 = ERPOptima.Data
		SccProjectUniqueName4 = ERPOptima\\ERPOptima.Web.csproj
		SccProjectName4 = ERPOptima
		SccLocalPath4 = ERPOptima
		SccProjectUniqueName5 = ERPOptima.Service\\ERPOptima.Service.csproj
		SccProjectName5 = ERPOptima.Service
		SccLocalPath5 = ERPOptima.Service
		SccProjectUniqueName6 = ERPOptima.Test\\ERPOptima.Test.csproj
		SccProjectName6 = ERPOptima.Test
		SccLocalPath6 = ERPOptima.Test
	EndGlobalSection
	GlobalSection(SolutionConfigurationPlatforms) = preSolution
		Debug|Any CPU = Debug|Any CPU
		Release|Any CPU = Release|Any CPU
	EndGlobalSection
	GlobalSection(ProjectConfigurationPlatforms) = postSolution
		{CD66447C-203E-4527-8971-36D1176B19BA}.Debug|Any CPU.ActiveCfg = Debug|Any CPU
		{CD66447C-203E-4527-8971-36D1176B19BA}.Debug|Any CPU.Build.0 = Debug|Any CPU
		{CD66447C-203E-4527-8971-36D1176B19BA}.Release|Any CPU.ActiveCfg = Release|Any CPU
		{CD66447C-203E-4527-8971-36D1176B19BA}.Release|Any CPU.Build.0 = Release|Any CPU
		{DD54644C-1C30-4E11-958F-874A04898817}.Debug|Any CPU.ActiveCfg = Debug|Any CPU
		{DD54644C-1C30-4E11-958F-874A04898817}.Debug|Any CPU.Build.0 = Debug|Any CPU
		{DD54644C-1C30-4E11-958F-874A04898817}.Release|Any CPU.ActiveCfg = Release|Any CPU
		{DD54644C-1C30-4E11-958F-874A04898817}.Release|Any CPU.Build.0 = Release|Any CPU
		{461AA60A-2614-49CF-A3A3-60EE7E8F9CD4}.Debug|Any CPU.ActiveCfg = Debug|Any CPU
		{461AA60A-2614-49CF-A3A3-60EE7E8F9CD4}.Debug|Any CPU.Build.0 = Debug|Any CPU
		{461AA60A-2614-49CF-A3A3-60EE7E8F9CD4}.Release|Any CPU.ActiveCfg = Release|Any CPU
		{461AA60A-2614-49CF-A3A3-60EE7E8F9CD4}.Release|Any CPU.Build.0 = Release|Any CPU
		{3B8DC056-D9EF-4821-8527-F3777CD888DB}.Debug|Any CPU.ActiveCfg = Debug|Any CPU
		{3B8DC056-D9EF-4821-8527-F3777CD888DB}.Debug|Any CPU.Build.0 = Debug|Any CPU
		{3B8DC056-D9EF-4821-8527-F3777CD888DB}.Release|Any CPU.ActiveCfg = Release|Any CPU
		{3B8DC056-D9EF-4821-8527-F3777CD888DB}.Release|Any CPU.Build.0 = Release|Any CPU
		{44D853CD-0E35-45EE-BE19-AF4B6C5E9C12}.Debug|Any CPU.ActiveCfg = Debug|Any CPU
		{44D853CD-0E35-45EE-BE19-AF4B6C5E9C12}.Debug|Any CPU.Build.0 = Debug|Any CPU
		{44D853CD-0E35-45EE-BE19-AF4B6C5E9C12}.Release|Any CPU.ActiveCfg = Release|Any CPU
		{44D853CD-0E35-45EE-BE19-AF4B6C5E9C12}.Release|Any CPU.Build.0 = Release|Any CPU
		{4D086756-391E-4579-9341-495D8B2ADDC4}.Debug|Any CPU.ActiveCfg = Debug|Any CPU
		{4D086756-391E-4579-9341-495D8B2ADDC4}.Debug|Any CPU.Build.0 = Debug|Any CPU
		{4D086756-391E-4579-9341-495D8B2ADDC4}.Release|Any CPU.ActiveCfg = Release|Any CPU
		{4D086756-391E-4579-9341-495D8B2ADDC4}.Release|Any CPU.Build.0 = Release|Any CPU
	EndGlobalSection
	GlobalSection(SolutionProperties) = preSolution
		HideSolutionNode = FALSE
	EndGlobalSection
EndGlobal
